
Microsoft Visual Studio Solution File, Format Version 12.00
# Visual Studio Version 17
VisualStudioVersion = 17.7.34018.315
MinimumVisualStudioVersion = 10.0.40219.1
Project("{FAE04EC0-301F-11D3-BF4B-00C04F79EFBC}") = "TPlus", "TPlus\TPlus.csproj", "{7C36B9DC-0B4A-4DD1-A014-7E4352805CC4}"
EndProject
Project("{FAE04EC0-301F-11D3-BF4B-00C04F79EFBC}") = "TPlus.Domain", "TPlus.Domain\TPlus.Domain.csproj", "{7EC41D6C-47AB-4B3A-A6AF-F49C2188416C}"
EndProject
Project("{9A19103F-16F7-4668-BE54-9A1E7A4F7556}") = "TPlus.Drive", "TPlusDrive\TPlus.Drive.csproj", "{79BBE2B4-FC52-4A7A-A244-B007E15D92D2}"
EndProject
Project("{FAE04EC0-301F-11D3-BF4B-00C04F79EFBC}") = "TPlus.Core", "TPlus.Core\TPlus.Core.csproj", "{BEC52DBE-9EFF-47E7-8F83-EBE487B6B7F2}"
EndProject
Project("{FAE04EC0-301F-11D3-BF4B-00C04F79EFBC}") = "TPlus.Files", "TPlus.Files\TPlus.Files.csproj", "{B2427AD5-7AF8-4DE2-A068-11C88EB84358}"
EndProject
Global
	GlobalSection(SolutionConfigurationPlatforms) = preSolution
		Debug|Any CPU = Debug|Any CPU
		Release|Any CPU = Release|Any CPU
	EndGlobalSection
	GlobalSection(ProjectConfigurationPlatforms) = postSolution
		{7C36B9DC-0B4A-4DD1-A014-7E4352805CC4}.Debug|Any CPU.ActiveCfg = Debug|Any CPU
		{7C36B9DC-0B4A-4DD1-A014-7E4352805CC4}.Debug|Any CPU.Build.0 = Debug|Any CPU
		{7C36B9DC-0B4A-4DD1-A014-7E4352805CC4}.Release|Any CPU.ActiveCfg = Release|Any CPU
		{7C36B9DC-0B4A-4DD1-A014-7E4352805CC4}.Release|Any CPU.Build.0 = Release|Any CPU
		{7EC41D6C-47AB-4B3A-A6AF-F49C2188416C}.Debug|Any CPU.ActiveCfg = Debug|Any CPU
		{7EC41D6C-47AB-4B3A-A6AF-F49C2188416C}.Debug|Any CPU.Build.0 = Debug|Any CPU
		{7EC41D6C-47AB-4B3A-A6AF-F49C2188416C}.Release|Any CPU.ActiveCfg = Release|Any CPU
		{7EC41D6C-47AB-4B3A-A6AF-F49C2188416C}.Release|Any CPU.Build.0 = Release|Any CPU
		{79BBE2B4-FC52-4A7A-A244-B007E15D92D2}.Debug|Any CPU.ActiveCfg = Debug|Any CPU
		{79BBE2B4-FC52-4A7A-A244-B007E15D92D2}.Debug|Any CPU.Build.0 = Debug|Any CPU
		{79BBE2B4-FC52-4A7A-A244-B007E15D92D2}.Release|Any CPU.ActiveCfg = Release|Any CPU
		{79BBE2B4-FC52-4A7A-A244-B007E15D92D2}.Release|Any CPU.Build.0 = Release|Any CPU
		{BEC52DBE-9EFF-47E7-8F83-EBE487B6B7F2}.Debug|Any CPU.ActiveCfg = Debug|Any CPU
		{BEC52DBE-9EFF-47E7-8F83-EBE487B6B7F2}.Debug|Any CPU.Build.0 = Debug|Any CPU
		{BEC52DBE-9EFF-47E7-8F83-EBE487B6B7F2}.Release|Any CPU.ActiveCfg = Release|Any CPU
		{BEC52DBE-9EFF-47E7-8F83-EBE487B6B7F2}.Release|Any CPU.Build.0 = Release|Any CPU
		{B2427AD5-7AF8-4DE2-A068-11C88EB84358}.Debug|Any CPU.ActiveCfg = Debug|Any CPU
		{B2427AD5-7AF8-4DE2-A068-11C88EB84358}.Debug|Any CPU.Build.0 = Debug|Any CPU
		{B2427AD5-7AF8-4DE2-A068-11C88EB84358}.Release|Any CPU.ActiveCfg = Release|Any CPU
		{B2427AD5-7AF8-4DE2-A068-11C88EB84358}.Release|Any CPU.Build.0 = Release|Any CPU
	EndGlobalSection
	GlobalSection(SolutionProperties) = preSolution
		HideSolutionNode = FALSE
	EndGlobalSection
	GlobalSection(ExtensibilityGlobals) = postSolution
		SolutionGuid = {485D285D-7A5D-4D49-905D-E1E06A0B9873}
	EndGlobalSection
EndGlobal
